
Microsoft Visual Studio Solution File, Format Version 12.00
# Visual Studio Version 17
VisualStudioVersion = 17.14.36518.9 d17.14
MinimumVisualStudioVersion = 10.0.40219.1
Project("{FAE04EC0-301F-11D3-BF4B-00C04F79EFBC}") = "FlappyBirdGamee", "FlappyBirdGamee.csproj", "{10625A46-D6C0-4882-A2CD-55C92E4C32D8}"
EndProject
Global
	GlobalSection(SolutionConfigurationPlatforms) = preSolution
		Debug|Any CPU = Debug|Any CPU
		Release|Any CPU = Release|Any CPU
	EndGlobalSection
	GlobalSection(ProjectConfigurationPlatforms) = postSolution
		{10625A46-D6C0-4882-A2CD-55C92E4C32D8}.Debug|Any CPU.ActiveCfg = Debug|Any CPU
		{10625A46-D6C0-4882-A2CD-55C92E4C32D8}.Debug|Any CPU.Build.0 = Debug|Any CPU
		{10625A46-D6C0-4882-A2CD-55C92E4C32D8}.Release|Any CPU.ActiveCfg = Release|Any CPU
		{10625A46-D6C0-4882-A2CD-55C92E4C32D8}.Release|Any CPU.Build.0 = Release|Any CPU
	EndGlobalSection
	GlobalSection(SolutionProperties) = preSolution
		HideSolutionNode = FALSE
	EndGlobalSection
	GlobalSection(ExtensibilityGlobals) = postSolution
		SolutionGuid = {C50E9C37-C92B-4FEE-A10D-189F86FAB475}
	EndGlobalSection
EndGlobal
